// !$*UTF8*$!
{
	archiveVersion = 1;
	classes = {
	};
	objectVersion = 46;
	objects = {

/* Begin PBXBuildFile section */
		8DCEA20B1F6AD8FF00D0163C /* AppDelegate.swift in Sources */ = {isa = PBXBuildFile; fileRef = 8DCEA20A1F6AD8FF00D0163C /* AppDelegate.swift */; };
		8DCEA20D1F6AD8FF00D0163C /* ViewController.swift in Sources */ = {isa = PBXBuildFile; fileRef = 8DCEA20C1F6AD8FF00D0163C /* ViewController.swift */; };
		8DCEA2101F6AD8FF00D0163C /* Main.storyboard in Resources */ = {isa = PBXBuildFile; fileRef = 8DCEA20E1F6AD8FF00D0163C /* Main.storyboard */; };
		8DCEA2121F6AD8FF00D0163C /* Assets.xcassets in Resources */ = {isa = PBXBuildFile; fileRef = 8DCEA2111F6AD8FF00D0163C /* Assets.xcassets */; };
		8DCEA2151F6AD8FF00D0163C /* LaunchScreen.storyboard in Resources */ = {isa = PBXBuildFile; fileRef = 8DCEA2131F6AD8FF00D0163C /* LaunchScreen.storyboard */; };
/* End PBXBuildFile section */

/* Begin PBXFileReference section */
		8DCEA2071F6AD8FF00D0163C /* UIPocs.app */ = {isa = PBXFileReference; explicitFileType = wrapper.application; includeInIndex = 0; path = UIPocs.app; sourceTree = BUILT_PRODUCTS_DIR; };
		8DCEA20A1F6AD8FF00D0163C /* AppDelegate.swift */ = {isa = PBXFileReference; lastKnownFileType = sourcecode.swift; path = AppDelegate.swift; sourceTree = "<group>"; };
		8DCEA20C1F6AD8FF00D0163C /* ViewController.swift */ = {isa = PBXFileReference; lastKnownFileType = sourcecode.swift; path = ViewController.swift; sourceTree = "<group>"; };
		8DCEA20F1F6AD8FF00D0163C /* Base */ = {isa = PBXFileReference; lastKnownFileType = file.storyboard; name = Base; path = Base.lproj/Main.storyboard; sourceTree = "<group>"; };
		8DCEA2111F6AD8FF00D0163C /* Assets.xcassets */ = {isa = PBXFileReference; lastKnownFileType = folder.assetcatalog; path = Assets.xcassets; sourceTree = "<group>"; };
		8DCEA2141F6AD8FF00D0163C /* Base */ = {isa = PBXFileReference; lastKnownFileType = file.storyboard; name = Base; path = Base.lproj/LaunchScreen.storyboard; sourceTree = "<group>"; };
		8DCEA2161F6AD8FF00D0163C /* Info.plist */ = {isa = PBXFileReference; lastKnownFileType = text.plist.xml; path = Info.plist; sourceTree = "<group>"; };
/* End PBXFileReference section */

/* Begin PBXFrameworksBuildPhase section */
		8DCEA2041F6AD8FF00D0163C /* Frameworks */ = {
			isa = PBXFrameworksBuildPhase;
			buildActionMask = 2147483647;
			files = (
			);
			runOnlyForDeploymentPostprocessing = 0;
		};
/* End PBXFrameworksBuildPhase section */

/* Begin PBXGroup section */
		8D526DAC1F6B3613007A00D9 /* changeLayoutOnTransition */ = {
			isa = PBXGroup;
			children = (
				8DCEA20C1F6AD8FF00D0163C /* ViewController.swift */,
				8DCEA20E1F6AD8FF00D0163C /* Main.storyboard */,
			);
			name = changeLayoutOnTransition;
			sourceTree = "<group>";
		};
		8DCEA1FE1F6AD8FE00D0163C = {
			isa = PBXGroup;
			children = (
				8DCEA2091F6AD8FF00D0163C /* UIPocs */,
				8DCEA2081F6AD8FF00D0163C /* Products */,
			);
			sourceTree = "<group>";
		};
		8DCEA2081F6AD8FF00D0163C /* Products */ = {
			isa = PBXGroup;
			children = (
				8DCEA2071F6AD8FF00D0163C /* UIPocs.app */,
			);
			name = Products;
			sourceTree = "<group>";
		};
		8DCEA2091F6AD8FF00D0163C /* UIPocs */ = {
			isa = PBXGroup;
			children = (
				8D526DAC1F6B3613007A00D9 /* changeLayoutOnTransition */,
				8DCEA21C1F6AD91800D0163C /* Supporting Files */,
			);
			path = UIPocs;
			sourceTree = "<group>";
		};
		8DCEA21C1F6AD91800D0163C /* Supporting Files */ = {
			isa = PBXGroup;
			children = (
				8DCEA20A1F6AD8FF00D0163C /* AppDelegate.swift */,
				8DCEA2111F6AD8FF00D0163C /* Assets.xcassets */,
				8DCEA2131F6AD8FF00D0163C /* LaunchScreen.storyboard */,
				8DCEA2161F6AD8FF00D0163C /* Info.plist */,
			);
			name = "Supporting Files";
			sourceTree = "<group>";
		};
/* End PBXGroup section */

/* Begin PBXNativeTarget section */
		8DCEA2061F6AD8FF00D0163C /* UIPocs */ = {
			isa = PBXNativeTarget;
			buildConfigurationList = 8DCEA2191F6AD8FF00D0163C /* Build configuration list for PBXNativeTarget "UIPocs" */;
			buildPhases = (
				8DCEA2031F6AD8FF00D0163C /* Sources */,
				8DCEA2041F6AD8FF00D0163C /* Frameworks */,
				8DCEA2051F6AD8FF00D0163C /* Resources */,
			);
			buildRules = (
			);
			dependencies = (
			);
			name = UIPocs;
			productName = UIPocs;
			productReference = 8DCEA2071F6AD8FF00D0163C /* UIPocs.app */;
			productType = "com.apple.product-type.application";
		};
/* End PBXNativeTarget section */

/* Begin PBXProject section */
		8DCEA1FF1F6AD8FE00D0163C /* Project object */ = {
			isa = PBXProject;
			attributes = {
				LastSwiftUpdateCheck = 0830;
				LastUpgradeCheck = 0830;
				ORGANIZATIONNAME = "Apple Inc.";
				TargetAttributes = {
					8DCEA2061F6AD8FF00D0163C = {
						CreatedOnToolsVersion = 8.3.3;
						ProvisioningStyle = Automatic;
					};
				};
			};
			buildConfigurationList = 8DCEA2021F6AD8FE00D0163C /* Build configuration list for PBXProject "UIPocs" */;
			compatibilityVersion = "Xcode 3.2";
			developmentRegion = English;
			hasScannedForEncodings = 0;
			knownRegions = (
				en,
				Base,
			);
			mainGroup = 8DCEA1FE1F6AD8FE00D0163C;
			productRefGroup = 8DCEA2081F6AD8FF00D0163C /* Products */;
			projectDirPath = "";
			projectRoot = "";
			targets = (
				8DCEA2061F6AD8FF00D0163C /* UIPocs */,
			);
		};
/* End PBXProject section */

/* Begin PBXResourcesBuildPhase section */
		8DCEA2051F6AD8FF00D0163C /* Resources */ = {
			isa = PBXResourcesBuildPhase;
			buildActionMask = 2147483647;
			files = (
				8DCEA2151F6AD8FF00D0163C /* LaunchScreen.storyboard in Resources */,
				8DCEA2121F6AD8FF00D0163C /* Assets.xcassets in Resources */,
				8DCEA2101F6AD8FF00D0163C /* Main.storyboard in Resources */,
			);
			runOnlyForDeploymentPostprocessing = 0;
		};
/* End PBXResourcesBuildPhase section */

/* Begin PBXSourcesBuildPhase section */
		8DCEA2031F6AD8FF00D0163C /* Sources */ = {
			isa = PBXSourcesBuildPhase;
			buildActionMask = 2147483647;
			files = (
				8DCEA20D1F6AD8FF00D0163C /* ViewController.swift in Sources */,
				8DCEA20B1F6AD8FF00D0163C /* AppDelegate.swift in Sources */,
			);
			runOnlyForDeploymentPostprocessing = 0;
		};
/* End PBXSourcesBuildPhase section */

/* Begin PBXVariantGroup section */
		8DCEA20E1F6AD8FF00D0163C /* Main.storyboard */ = {
			isa = PBXVariantGroup;
			children = (
				8DCEA20F1F6AD8FF00D0163C /* Base */,
			);
			name = Main.storyboard;
			sourceTree = "<group>";
		};
		8DCEA2131F6AD8FF00D0163C /* LaunchScreen.storyboard */ = {
			isa = PBXVariantGroup;
			children = (
				8DCEA2141F6AD8FF00D0163C /* Base */,
			);
			name = LaunchScreen.storyboard;
			sourceTree = "<group>";
		};
/* End PBXVariantGroup section */

/* Begin XCBuildConfiguration section */
		8DCEA2171F6AD8FF00D0163C /* Debug */ = {
			isa = XCBuildConfiguration;
			buildSettings = {
				ALWAYS_SEARCH_USER_PATHS = NO;
				CLANG_ANALYZER_NONNULL = YES;
				CLANG_ANALYZER_NUMBER_OBJECT_CONVERSION = YES_AGGRESSIVE;
				CLANG_CXX_LANGUAGE_STANDARD = "gnu++0x";
				CLANG_CXX_LIBRARY = "libc++";
				CLANG_ENABLE_MODULES = YES;
				CLANG_ENABLE_OBJC_ARC = YES;
				CLANG_WARN_BOOL_CONVERSION = YES;
				CLANG_WARN_CONSTANT_CONVERSION = YES;
				CLANG_WARN_DIRECT_OBJC_ISA_USAGE = YES_ERROR;
				CLANG_WARN_DOCUMENTATION_COMMENTS = YES;
				CLANG_WARN_EMPTY_BODY = YES;
				CLANG_WARN_ENUM_CONVERSION = YES;
				CLANG_WARN_INFINITE_RECURSION = YES;
				CLANG_WARN_INT_CONVERSION = YES;
				CLANG_WARN_OBJC_ROOT_CLASS = YES_ERROR;
				CLANG_WARN_SUSPICIOUS_MOVE = YES;
				CLANG_WARN_UNREACHABLE_CODE = YES;
				CLANG_WARN__DUPLICATE_METHOD_MATCH = YES;
				"CODE_SIGN_IDENTITY[sdk=iphoneos*]" = "iPhone Developer";
				COPY_PHASE_STRIP = NO;
				DEBUG_INFORMATION_FORMAT = dwarf;
				ENABLE_STRICT_OBJC_MSGSEND = YES;
				ENABLE_TESTABILITY = YES;
				GCC_C_LANGUAGE_STANDARD = gnu99;
				GCC_DYNAMIC_NO_PIC = NO;
				GCC_NO_COMMON_BLOCKS = YES;
				GCC_OPTIMIZATION_LEVEL = 0;
				GCC_PREPROCESSOR_DEFINITIONS = (
					"DEBUG=1",
					"$(inherited)",
				);
				GCC_WARN_64_TO_32_BIT_CONVERSION = YES;
				GCC_WARN_ABOUT_RETURN_TYPE = YES_ERROR;
				GCC_WARN_UNDECLARED_SELECTOR = YES;
				GCC_WARN_UNINITIALIZED_AUTOS = YES_AGGRESSIVE;
				GCC_WARN_UNUSED_FUNCTION = YES;
				GCC_WARN_UNUSED_VARIABLE = YES;
				IPHONEOS_DEPLOYMENT_TARGET = 10.3;
				MTL_ENABLE_DEBUG_INFO = YES;
				ONLY_ACTIVE_ARCH = YES;
				SDKROOT = iphoneos;
				SWIFT_ACTIVE_COMPILATION_CONDITIONS = DEBUG;
				SWIFT_OPTIMIZATION_LEVEL = "-Onone";
				TARGETED_DEVICE_FAMILY = "1,2";
			};
			name = Debug;
		};
		8DCEA2181F6AD8FF00D0163C /* Release */ = {
			isa = XCBuildConfiguration;
			buildSettings = {
				ALWAYS_SEARCH_USER_PATHS = NO;
				CLANG_ANALYZER_NONNULL = YES;
				CLANG_ANALYZER_NUMBER_OBJECT_CONVERSION = YES_AGGRESSIVE;
				CLANG_CXX_LANGUAGE_STANDARD = "gnu++0x";
				CLANG_CXX_LIBRARY = "libc++";
				CLANG_ENABLE_MODULES = YES;
				CLANG_ENABLE_OBJC_ARC = YES;
				CLANG_WARN_BOOL_CONVERSION = YES;
				CLANG_WARN_CONSTANT_CONVERSION = YES;
				CLANG_WARN_DIRECT_OBJC_ISA_USAGE = YES_ERROR;
				CLANG_WARN_DOCUMENTATION_COMMENTS = YES;
				CLANG_WARN_EMPTY_BODY = YES;
				CLANG_WARN_ENUM_CONVERSION = YES;
				CLANG_WARN_INFINITE_RECURSION = YES;
				CLANG_WARN_INT_CONVERSION = YES;
				CLANG_WARN_OBJC_ROOT_CLASS = YES_ERROR;
				CLANG_WARN_SUSPICIOUS_MOVE = YES;
				CLANG_WARN_UNREACHABLE_CODE = YES;
				CLANG_WARN__DUPLICATE_METHOD_MATCH = YES;
				"CODE_SIGN_IDENTITY[sdk=iphoneos*]" = "iPhone Developer";
				COPY_PHASE_STRIP = NO;
				DEBUG_INFORMATION_FORMAT = "dwarf-with-dsym";
				ENABLE_NS_ASSERTIONS = NO;
				ENABLE_STRICT_OBJC_MSGSEND = YES;
				GCC_C_LANGUAGE_STANDARD = gnu99;
				GCC_NO_COMMON_BLOCKS = YES;
				GCC_WARN_64_TO_32_BIT_CONVERSION = YES;
				GCC_WARN_ABOUT_RETURN_TYPE = YES_ERROR;
				GCC_WARN_UNDECLARED_SELECTOR = YES;
				GCC_WARN_UNINITIALIZED_AUTOS = YES_AGGRESSIVE;
				GCC_WARN_UNUSED_FUNCTION = YES;
				GCC_WARN_UNUSED_VARIABLE = YES;
				IPHONEOS_DEPLOYMENT_TARGET = 10.3;
				MTL_ENABLE_DEBUG_INFO = NO;
				SDKROOT = iphoneos;
				SWIFT_OPTIMIZATION_LEVEL = "-Owholemodule";
				TARGETED_DEVICE_FAMILY = "1,2";
				VALIDATE_PRODUCT = YES;
			};
			name = Release;
		};
		8DCEA21A1F6AD8FF00D0163C /* Debug */ = {
			isa = XCBuildConfiguration;
			buildSettings = {
				ASSETCATALOG_COMPILER_APPICON_NAME = AppIcon;
				INFOPLIST_FILE = UIPocs/Info.plist;
				LD_RUNPATH_SEARCH_PATHS = "$(inherited) @executable_path/Frameworks";
				PRODUCT_BUNDLE_IDENTIFIER = com.example.UIPocs;
				PRODUCT_NAME = "$(TARGET_NAME)";
				SWIFT_VERSION = 3.0;
			};
			name = Debug;
		};
		8DCEA21B1F6AD8FF00D0163C /* Release */ = {
			isa = XCBuildConfiguration;
			buildSettings = {
				ASSETCATALOG_COMPILER_APPICON_NAME = AppIcon;
				INFOPLIST_FILE = UIPocs/Info.plist;
				LD_RUNPATH_SEARCH_PATHS = "$(inherited) @executable_path/Frameworks";
				PRODUCT_BUNDLE_IDENTIFIER = com.example.UIPocs;
				PRODUCT_NAME = "$(TARGET_NAME)";
				SWIFT_VERSION = 3.0;
			};
			name = Release;
		};
/* End XCBuildConfiguration section */

/* Begin XCConfigurationList section */
		8DCEA2021F6AD8FE00D0163C /* Build configuration list for PBXProject "UIPocs" */ = {
			isa = XCConfigurationList;
			buildConfigurations = (
				8DCEA2171F6AD8FF00D0163C /* Debug */,
				8DCEA2181F6AD8FF00D0163C /* Release */,
			);
			defaultConfigurationIsVisible = 0;
			defaultConfigurationName = Release;
		};
		8DCEA2191F6AD8FF00D0163C /* Build configuration list for PBXNativeTarget "UIPocs" */ = {
			isa = XCConfigurationList;
			buildConfigurations = (
				8DCEA21A1F6AD8FF00D0163C /* Debug */,
				8DCEA21B1F6AD8FF00D0163C /* Release */,
			);
			defaultConfigurationIsVisible = 0;
			defaultConfigurationName = Release;
		};
/* End XCConfigurationList section */
	};
	rootObject = 8DCEA1FF1F6AD8FE00D0163C /* Project object */;
}
